
Microsoft Visual Studio Solution File, Format Version 12.00
# Visual Studio Version 17
VisualStudioVersion = 17.10.35013.160
MinimumVisualStudioVersion = 10.0.40219.1
Project("{FAE04EC0-301F-11D3-BF4B-00C04F79EFBC}") = "Drinks.kjanos89", "Drinks.kjanos89\Drinks.kjanos89.csproj", "{9587DC9A-9E61-462F-BE85-2074DF1889A1}"
EndProject
Global
	GlobalSection(SolutionConfigurationPlatforms) = preSolution
		Debug|Any CPU = Debug|Any CPU
		Release|Any CPU = Release|Any CPU
	EndGlobalSection
	GlobalSection(ProjectConfigurationPlatforms) = postSolution
		{9587DC9A-9E61-462F-BE85-2074DF1889A1}.Debug|Any CPU.ActiveCfg = Debug|Any CPU
		{9587DC9A-9E61-462F-BE85-2074DF1889A1}.Debug|Any CPU.Build.0 = Debug|Any CPU
		{9587DC9A-9E61-462F-BE85-2074DF1889A1}.Release|Any CPU.ActiveCfg = Release|Any CPU
		{9587DC9A-9E61-462F-BE85-2074DF1889A1}.Release|Any CPU.Build.0 = Release|Any CPU
	EndGlobalSection
	GlobalSection(SolutionProperties) = preSolution
		HideSolutionNode = FALSE
	EndGlobalSection
	GlobalSection(ExtensibilityGlobals) = postSolution
		SolutionGuid = {FE1977E0-5C00-4EC1-9BBA-6447E7A7662B}
	EndGlobalSection
EndGlobal
