
Microsoft Visual Studio Solution File, Format Version 12.00
# Visual Studio Version 17
VisualStudioVersion = 17.10.35027.167
MinimumVisualStudioVersion = 10.0.40219.1
Project("{FAE04EC0-301F-11D3-BF4B-00C04F79EFBC}") = "DrinksInfo", "DrinksInfo\DrinksInfo.csproj", "{C0664976-03D2-4F5E-AFBC-D0D5F817140B}"
EndProject
Project("{FAE04EC0-301F-11D3-BF4B-00C04F79EFBC}") = "Models", "Models\Models.csproj", "{9A1A5992-1A17-42E6-81BB-432FE94E9CB2}"
EndProject
Project("{FAE04EC0-301F-11D3-BF4B-00C04F79EFBC}") = "DataAccess", "DataAccess\DataAccess.csproj", "{1320173A-4222-4B91-835D-4DEB2959B1EC}"
EndProject
Global
	GlobalSection(SolutionConfigurationPlatforms) = preSolution
		Debug|Any CPU = Debug|Any CPU
		Release|Any CPU = Release|Any CPU
	EndGlobalSection
	GlobalSection(ProjectConfigurationPlatforms) = postSolution
		{C0664976-03D2-4F5E-AFBC-D0D5F817140B}.Debug|Any CPU.ActiveCfg = Debug|Any CPU
		{C0664976-03D2-4F5E-AFBC-D0D5F817140B}.Debug|Any CPU.Build.0 = Debug|Any CPU
		{C0664976-03D2-4F5E-AFBC-D0D5F817140B}.Release|Any CPU.ActiveCfg = Release|Any CPU
		{C0664976-03D2-4F5E-AFBC-D0D5F817140B}.Release|Any CPU.Build.0 = Release|Any CPU
		{9A1A5992-1A17-42E6-81BB-432FE94E9CB2}.Debug|Any CPU.ActiveCfg = Debug|Any CPU
		{9A1A5992-1A17-42E6-81BB-432FE94E9CB2}.Debug|Any CPU.Build.0 = Debug|Any CPU
		{9A1A5992-1A17-42E6-81BB-432FE94E9CB2}.Release|Any CPU.ActiveCfg = Release|Any CPU
		{9A1A5992-1A17-42E6-81BB-432FE94E9CB2}.Release|Any CPU.Build.0 = Release|Any CPU
		{1320173A-4222-4B91-835D-4DEB2959B1EC}.Debug|Any CPU.ActiveCfg = Debug|Any CPU
		{1320173A-4222-4B91-835D-4DEB2959B1EC}.Debug|Any CPU.Build.0 = Debug|Any CPU
		{1320173A-4222-4B91-835D-4DEB2959B1EC}.Release|Any CPU.ActiveCfg = Release|Any CPU
		{1320173A-4222-4B91-835D-4DEB2959B1EC}.Release|Any CPU.Build.0 = Release|Any CPU
	EndGlobalSection
	GlobalSection(SolutionProperties) = preSolution
		HideSolutionNode = FALSE
	EndGlobalSection
	GlobalSection(ExtensibilityGlobals) = postSolution
		SolutionGuid = {E392364E-4B22-49AB-A76B-9318817B5DAE}
	EndGlobalSection
EndGlobal
