
Microsoft Visual Studio Solution File, Format Version 12.00
# Visual Studio Version 17
VisualStudioVersion = 17.10.35013.160
MinimumVisualStudioVersion = 10.0.40219.1
Project("{FAE04EC0-301F-11D3-BF4B-00C04F79EFBC}") = "DrinksInfo.ukpagrace", "DrinksInfo.ukpagrace\DrinksInfo.ukpagrace.csproj", "{671A36CD-31D6-4AE6-9D00-E17EF5E3BA74}"
EndProject
Global
	GlobalSection(SolutionConfigurationPlatforms) = preSolution
		Debug|Any CPU = Debug|Any CPU
		Release|Any CPU = Release|Any CPU
	EndGlobalSection
	GlobalSection(ProjectConfigurationPlatforms) = postSolution
		{671A36CD-31D6-4AE6-9D00-E17EF5E3BA74}.Debug|Any CPU.ActiveCfg = Debug|Any CPU
		{671A36CD-31D6-4AE6-9D00-E17EF5E3BA74}.Debug|Any CPU.Build.0 = Debug|Any CPU
		{671A36CD-31D6-4AE6-9D00-E17EF5E3BA74}.Release|Any CPU.ActiveCfg = Release|Any CPU
		{671A36CD-31D6-4AE6-9D00-E17EF5E3BA74}.Release|Any CPU.Build.0 = Release|Any CPU
	EndGlobalSection
	GlobalSection(SolutionProperties) = preSolution
		HideSolutionNode = FALSE
	EndGlobalSection
	GlobalSection(ExtensibilityGlobals) = postSolution
		SolutionGuid = {9F65F142-7953-4324-93AC-C93C611235B5}
	EndGlobalSection
EndGlobal
