
Microsoft Visual Studio Solution File, Format Version 12.00
# Visual Studio Version 17
VisualStudioVersion = 17.10.34916.146
MinimumVisualStudioVersion = 10.0.40219.1
Project("{FAE04EC0-301F-11D3-BF4B-00C04F79EFBC}") = "Drinks.tonyissa", "Drinks.tonyissa\Drinks.tonyissa.csproj", "{9437733A-A128-439B-9384-3C515F7F8994}"
EndProject
Global
	GlobalSection(SolutionConfigurationPlatforms) = preSolution
		Debug|Any CPU = Debug|Any CPU
		Release|Any CPU = Release|Any CPU
	EndGlobalSection
	GlobalSection(ProjectConfigurationPlatforms) = postSolution
		{9437733A-A128-439B-9384-3C515F7F8994}.Debug|Any CPU.ActiveCfg = Debug|Any CPU
		{9437733A-A128-439B-9384-3C515F7F8994}.Debug|Any CPU.Build.0 = Debug|Any CPU
		{9437733A-A128-439B-9384-3C515F7F8994}.Release|Any CPU.ActiveCfg = Release|Any CPU
		{9437733A-A128-439B-9384-3C515F7F8994}.Release|Any CPU.Build.0 = Release|Any CPU
	EndGlobalSection
	GlobalSection(SolutionProperties) = preSolution
		HideSolutionNode = FALSE
	EndGlobalSection
	GlobalSection(ExtensibilityGlobals) = postSolution
		SolutionGuid = {593914A6-7C83-4BBF-835B-75FDD63ED66A}
	EndGlobalSection
EndGlobal
