
Microsoft Visual Studio Solution File, Format Version 12.00
# Visual Studio Version 17
VisualStudioVersion = 17.11.35312.102
MinimumVisualStudioVersion = 10.0.40219.1
Project("{9A19103F-16F7-4668-BE54-9A1E7A4F7556}") = "Drinks.TwilightSaw", "Drinks.TwilightSaw.csproj", "{4793F814-5655-42EA-8342-CE321097A04E}"
EndProject
Global
	GlobalSection(SolutionConfigurationPlatforms) = preSolution
		Debug|Any CPU = Debug|Any CPU
		Release|Any CPU = Release|Any CPU
	EndGlobalSection
	GlobalSection(ProjectConfigurationPlatforms) = postSolution
		{4793F814-5655-42EA-8342-CE321097A04E}.Debug|Any CPU.ActiveCfg = Debug|Any CPU
		{4793F814-5655-42EA-8342-CE321097A04E}.Debug|Any CPU.Build.0 = Debug|Any CPU
		{4793F814-5655-42EA-8342-CE321097A04E}.Release|Any CPU.ActiveCfg = Release|Any CPU
		{4793F814-5655-42EA-8342-CE321097A04E}.Release|Any CPU.Build.0 = Release|Any CPU
	EndGlobalSection
	GlobalSection(SolutionProperties) = preSolution
		HideSolutionNode = FALSE
	EndGlobalSection
	GlobalSection(ExtensibilityGlobals) = postSolution
		SolutionGuid = {0AC11755-4A0D-4CFC-861F-29D2005FA2DF}
	EndGlobalSection
EndGlobal
