
Microsoft Visual Studio Solution File, Format Version 12.00
# Visual Studio Version 17
VisualStudioVersion = 17.0.31903.59
MinimumVisualStudioVersion = 10.0.40219.1
Project("{FAE04EC0-301F-11D3-BF4B-00C04F79EFBC}") = "Drinks", "codeDreamer06.drinks\Drinks.csproj", "{F9DF0A02-1EC5-4340-A65A-F15AE2969870}"
EndProject
Project("{FAE04EC0-301F-11D3-BF4B-00C04F79EFBC}") = "CodeReviews.Console.Drinks.Doc415", "CodeReviews.Console.Drinks.Doc415\CodeReviews.Console.Drinks.Doc415.csproj", "{679C98E9-EC6A-474C-8471-1136A604CB78}"
EndProject
Project("{FAE04EC0-301F-11D3-BF4B-00C04F79EFBC}") = "ConsoleDrinks.Doc415", "ConsoleDrinks.Doc415\ConsoleDrinks.Doc415.csproj", "{ABE4A8A8-CCE2-4AB2-843E-9A0E75F50567}"
EndProject
Project("{FAE04EC0-301F-11D3-BF4B-00C04F79EFBC}") = "Drinks.Dejmenek", "Drinks.Dejmenek\Drinks.Dejmenek.csproj", "{BBF79684-D728-4E69-A41F-F824513E2455}"
EndProject
Project("{FAE04EC0-301F-11D3-BF4B-00C04F79EFBC}") = "Drinks.Forser", "Drinks.Forser\Drinks.Forser.csproj", "{EE9F722E-0F70-4EE3-8DBA-582B5F72D7A5}"
EndProject
Project("{FAE04EC0-301F-11D3-BF4B-00C04F79EFBC}") = "DrinksInfo", "DrinksInfo.Theosxenos\DrinksInfo.csproj", "{4E9DAF48-115D-4AA7-A3BA-0FB3E35DE3E8}"
EndProject
Project("{FAE04EC0-301F-11D3-BF4B-00C04F79EFBC}") = "Drinks.Vocalnight", "Drinks.Vocalnight\Drinks.Vocalnight.csproj", "{BDE6990D-2FE2-4988-895A-93FBCC04F229}"
EndProject
Project("{FAE04EC0-301F-11D3-BF4B-00C04F79EFBC}") = "Console.Drinks.edvaudin", "edVaudin.drinks\Console.Drinks.edvaudin.csproj", "{6D192B42-BA6B-4FDB-9FD7-0E73C1E1E612}"
EndProject
Project("{FAE04EC0-301F-11D3-BF4B-00C04F79EFBC}") = "Kakurokan.DrinksInfo", "Kakurokan.DrinksInfo\Kakurokan.DrinksInfo.csproj", "{1E95D465-E1A9-4874-A1B1-ABEC5BEBC97A}"
EndProject
Project("{FAE04EC0-301F-11D3-BF4B-00C04F79EFBC}") = "drinks-info-console", "kimfom01.drinks\drinks-info-console.csproj", "{9A3B912F-52C6-426C-A960-477734DC8852}"
EndProject
Project("{FAE04EC0-301F-11D3-BF4B-00C04F79EFBC}") = "LONCHANICK.DrinksApp", "LONCHANICK.DrinksApp\LONCHANICK.DrinksApp.csproj", "{49006192-C0A9-475C-8E2C-C6CC132C9A19}"
EndProject
Project("{FAE04EC0-301F-11D3-BF4B-00C04F79EFBC}") = "MiroiuDev.DrinksInfo", "MiroiuDev.DrinksInfo\MiroiuDev.DrinksInfo.csproj", "{3D5B6A5E-9465-4013-B76F-B435D188F35C}"
EndProject
Project("{2150E333-8FDC-42A3-9474-1A3956D46DE8}") = "Poetry.nkshv", "Poetry.nkshv", "{F6426671-8738-4247-B8B4-FFE5C82949F7}"
EndProject
Project("{FAE04EC0-301F-11D3-BF4B-00C04F79EFBC}") = "Poetry", "Poetry.nkshv\Poetry\Poetry.csproj", "{4AAFAEBE-06B2-43E0-A0C0-D68C7912F1BF}"
EndProject
Global
	GlobalSection(SolutionConfigurationPlatforms) = preSolution
		Debug|Any CPU = Debug|Any CPU
		Release|Any CPU = Release|Any CPU
	EndGlobalSection
	GlobalSection(SolutionProperties) = preSolution
		HideSolutionNode = FALSE
	EndGlobalSection
	GlobalSection(ProjectConfigurationPlatforms) = postSolution
		{F9DF0A02-1EC5-4340-A65A-F15AE2969870}.Debug|Any CPU.ActiveCfg = Debug|Any CPU
		{F9DF0A02-1EC5-4340-A65A-F15AE2969870}.Debug|Any CPU.Build.0 = Debug|Any CPU
		{F9DF0A02-1EC5-4340-A65A-F15AE2969870}.Release|Any CPU.ActiveCfg = Release|Any CPU
		{F9DF0A02-1EC5-4340-A65A-F15AE2969870}.Release|Any CPU.Build.0 = Release|Any CPU
		{679C98E9-EC6A-474C-8471-1136A604CB78}.Debug|Any CPU.ActiveCfg = Debug|Any CPU
		{679C98E9-EC6A-474C-8471-1136A604CB78}.Debug|Any CPU.Build.0 = Debug|Any CPU
		{679C98E9-EC6A-474C-8471-1136A604CB78}.Release|Any CPU.ActiveCfg = Release|Any CPU
		{679C98E9-EC6A-474C-8471-1136A604CB78}.Release|Any CPU.Build.0 = Release|Any CPU
		{ABE4A8A8-CCE2-4AB2-843E-9A0E75F50567}.Debug|Any CPU.ActiveCfg = Debug|Any CPU
		{ABE4A8A8-CCE2-4AB2-843E-9A0E75F50567}.Debug|Any CPU.Build.0 = Debug|Any CPU
		{ABE4A8A8-CCE2-4AB2-843E-9A0E75F50567}.Release|Any CPU.ActiveCfg = Release|Any CPU
		{ABE4A8A8-CCE2-4AB2-843E-9A0E75F50567}.Release|Any CPU.Build.0 = Release|Any CPU
		{BBF79684-D728-4E69-A41F-F824513E2455}.Debug|Any CPU.ActiveCfg = Debug|Any CPU
		{BBF79684-D728-4E69-A41F-F824513E2455}.Debug|Any CPU.Build.0 = Debug|Any CPU
		{BBF79684-D728-4E69-A41F-F824513E2455}.Release|Any CPU.ActiveCfg = Release|Any CPU
		{BBF79684-D728-4E69-A41F-F824513E2455}.Release|Any CPU.Build.0 = Release|Any CPU
		{EE9F722E-0F70-4EE3-8DBA-582B5F72D7A5}.Debug|Any CPU.ActiveCfg = Debug|Any CPU
		{EE9F722E-0F70-4EE3-8DBA-582B5F72D7A5}.Debug|Any CPU.Build.0 = Debug|Any CPU
		{EE9F722E-0F70-4EE3-8DBA-582B5F72D7A5}.Release|Any CPU.ActiveCfg = Release|Any CPU
		{EE9F722E-0F70-4EE3-8DBA-582B5F72D7A5}.Release|Any CPU.Build.0 = Release|Any CPU
		{4E9DAF48-115D-4AA7-A3BA-0FB3E35DE3E8}.Debug|Any CPU.ActiveCfg = Debug|Any CPU
		{4E9DAF48-115D-4AA7-A3BA-0FB3E35DE3E8}.Debug|Any CPU.Build.0 = Debug|Any CPU
		{4E9DAF48-115D-4AA7-A3BA-0FB3E35DE3E8}.Release|Any CPU.ActiveCfg = Release|Any CPU
		{4E9DAF48-115D-4AA7-A3BA-0FB3E35DE3E8}.Release|Any CPU.Build.0 = Release|Any CPU
		{BDE6990D-2FE2-4988-895A-93FBCC04F229}.Debug|Any CPU.ActiveCfg = Debug|Any CPU
		{BDE6990D-2FE2-4988-895A-93FBCC04F229}.Debug|Any CPU.Build.0 = Debug|Any CPU
		{BDE6990D-2FE2-4988-895A-93FBCC04F229}.Release|Any CPU.ActiveCfg = Release|Any CPU
		{BDE6990D-2FE2-4988-895A-93FBCC04F229}.Release|Any CPU.Build.0 = Release|Any CPU
		{6D192B42-BA6B-4FDB-9FD7-0E73C1E1E612}.Debug|Any CPU.ActiveCfg = Debug|Any CPU
		{6D192B42-BA6B-4FDB-9FD7-0E73C1E1E612}.Debug|Any CPU.Build.0 = Debug|Any CPU
		{6D192B42-BA6B-4FDB-9FD7-0E73C1E1E612}.Release|Any CPU.ActiveCfg = Release|Any CPU
		{6D192B42-BA6B-4FDB-9FD7-0E73C1E1E612}.Release|Any CPU.Build.0 = Release|Any CPU
		{1E95D465-E1A9-4874-A1B1-ABEC5BEBC97A}.Debug|Any CPU.ActiveCfg = Debug|Any CPU
		{1E95D465-E1A9-4874-A1B1-ABEC5BEBC97A}.Debug|Any CPU.Build.0 = Debug|Any CPU
		{1E95D465-E1A9-4874-A1B1-ABEC5BEBC97A}.Release|Any CPU.ActiveCfg = Release|Any CPU
		{1E95D465-E1A9-4874-A1B1-ABEC5BEBC97A}.Release|Any CPU.Build.0 = Release|Any CPU
		{9A3B912F-52C6-426C-A960-477734DC8852}.Debug|Any CPU.ActiveCfg = Debug|Any CPU
		{9A3B912F-52C6-426C-A960-477734DC8852}.Debug|Any CPU.Build.0 = Debug|Any CPU
		{9A3B912F-52C6-426C-A960-477734DC8852}.Release|Any CPU.ActiveCfg = Release|Any CPU
		{9A3B912F-52C6-426C-A960-477734DC8852}.Release|Any CPU.Build.0 = Release|Any CPU
		{49006192-C0A9-475C-8E2C-C6CC132C9A19}.Debug|Any CPU.ActiveCfg = Debug|Any CPU
		{49006192-C0A9-475C-8E2C-C6CC132C9A19}.Debug|Any CPU.Build.0 = Debug|Any CPU
		{49006192-C0A9-475C-8E2C-C6CC132C9A19}.Release|Any CPU.ActiveCfg = Release|Any CPU
		{49006192-C0A9-475C-8E2C-C6CC132C9A19}.Release|Any CPU.Build.0 = Release|Any CPU
		{3D5B6A5E-9465-4013-B76F-B435D188F35C}.Debug|Any CPU.ActiveCfg = Debug|Any CPU
		{3D5B6A5E-9465-4013-B76F-B435D188F35C}.Debug|Any CPU.Build.0 = Debug|Any CPU
		{3D5B6A5E-9465-4013-B76F-B435D188F35C}.Release|Any CPU.ActiveCfg = Release|Any CPU
		{3D5B6A5E-9465-4013-B76F-B435D188F35C}.Release|Any CPU.Build.0 = Release|Any CPU
		{4AAFAEBE-06B2-43E0-A0C0-D68C7912F1BF}.Debug|Any CPU.ActiveCfg = Debug|Any CPU
		{4AAFAEBE-06B2-43E0-A0C0-D68C7912F1BF}.Debug|Any CPU.Build.0 = Debug|Any CPU
		{4AAFAEBE-06B2-43E0-A0C0-D68C7912F1BF}.Release|Any CPU.ActiveCfg = Release|Any CPU
		{4AAFAEBE-06B2-43E0-A0C0-D68C7912F1BF}.Release|Any CPU.Build.0 = Release|Any CPU
	EndGlobalSection
	GlobalSection(NestedProjects) = preSolution
		{4AAFAEBE-06B2-43E0-A0C0-D68C7912F1BF} = {F6426671-8738-4247-B8B4-FFE5C82949F7}
	EndGlobalSection
EndGlobal
