
Microsoft Visual Studio Solution File, Format Version 12.00
Project("{FAE04EC0-301F-11D3-BF4B-00C04F79EFBC}") = "Drinks.j-nas", "Drinks.j-nas\Drinks.j-nas.csproj", "{C7A45C00-03D3-4BCB-828C-9B6DBE2E9DFA}"
EndProject
Global
	GlobalSection(SolutionConfigurationPlatforms) = preSolution
		Debug|Any CPU = Debug|Any CPU
		Release|Any CPU = Release|Any CPU
	EndGlobalSection
	GlobalSection(ProjectConfigurationPlatforms) = postSolution
		{C7A45C00-03D3-4BCB-828C-9B6DBE2E9DFA}.Debug|Any CPU.ActiveCfg = Debug|Any CPU
		{C7A45C00-03D3-4BCB-828C-9B6DBE2E9DFA}.Debug|Any CPU.Build.0 = Debug|Any CPU
		{C7A45C00-03D3-4BCB-828C-9B6DBE2E9DFA}.Release|Any CPU.ActiveCfg = Release|Any CPU
		{C7A45C00-03D3-4BCB-828C-9B6DBE2E9DFA}.Release|Any CPU.Build.0 = Release|Any CPU
	EndGlobalSection
EndGlobal
