
Microsoft Visual Studio Solution File, Format Version 12.00
# Visual Studio Version 17
VisualStudioVersion = 17.10.35013.160
MinimumVisualStudioVersion = 10.0.40219.1
Project("{FAE04EC0-301F-11D3-BF4B-00C04F79EFBC}") = "Drinks.AshtonLeeSeloka", "Drinks.AshtonLeeSeloka\Drinks.AshtonLeeSeloka.csproj", "{CEB96B2E-4470-4A9A-8716-3FF6310743CD}"
EndProject
Global
	GlobalSection(SolutionConfigurationPlatforms) = preSolution
		Debug|Any CPU = Debug|Any CPU
		Release|Any CPU = Release|Any CPU
	EndGlobalSection
	GlobalSection(ProjectConfigurationPlatforms) = postSolution
		{CEB96B2E-4470-4A9A-8716-3FF6310743CD}.Debug|Any CPU.ActiveCfg = Debug|Any CPU
		{CEB96B2E-4470-4A9A-8716-3FF6310743CD}.Debug|Any CPU.Build.0 = Debug|Any CPU
		{CEB96B2E-4470-4A9A-8716-3FF6310743CD}.Release|Any CPU.ActiveCfg = Release|Any CPU
		{CEB96B2E-4470-4A9A-8716-3FF6310743CD}.Release|Any CPU.Build.0 = Release|Any CPU
	EndGlobalSection
	GlobalSection(SolutionProperties) = preSolution
		HideSolutionNode = FALSE
	EndGlobalSection
	GlobalSection(ExtensibilityGlobals) = postSolution
		SolutionGuid = {515F184C-859A-4371-BB37-36D72E984817}
	EndGlobalSection
EndGlobal
