
Microsoft Visual Studio Solution File, Format Version 12.00
# Visual Studio Version 17
VisualStudioVersion = 17.10.34916.146
MinimumVisualStudioVersion = 10.0.40219.1
Project("{FAE04EC0-301F-11D3-BF4B-00C04F79EFBC}") = "DrinksProject", "DrinksProject\DrinksProject.csproj", "{21C50F37-C151-48A4-B487-B3C10830A856}"
EndProject
Global
	GlobalSection(SolutionConfigurationPlatforms) = preSolution
		Debug|Any CPU = Debug|Any CPU
		Release|Any CPU = Release|Any CPU
	EndGlobalSection
	GlobalSection(ProjectConfigurationPlatforms) = postSolution
		{21C50F37-C151-48A4-B487-B3C10830A856}.Debug|Any CPU.ActiveCfg = Debug|Any CPU
		{21C50F37-C151-48A4-B487-B3C10830A856}.Debug|Any CPU.Build.0 = Debug|Any CPU
		{21C50F37-C151-48A4-B487-B3C10830A856}.Release|Any CPU.ActiveCfg = Release|Any CPU
		{21C50F37-C151-48A4-B487-B3C10830A856}.Release|Any CPU.Build.0 = Release|Any CPU
	EndGlobalSection
	GlobalSection(SolutionProperties) = preSolution
		HideSolutionNode = FALSE
	EndGlobalSection
	GlobalSection(ExtensibilityGlobals) = postSolution
		SolutionGuid = {068748B4-3C7B-4692-955C-03D6B1B9F812}
	EndGlobalSection
EndGlobal
