
Microsoft Visual Studio Solution File, Format Version 12.00
# Visual Studio Version 17
VisualStudioVersion = 17.7.34003.232
MinimumVisualStudioVersion = 10.0.40219.1
Project("{FAE04EC0-301F-11D3-BF4B-00C04F79EFBC}") = "Drinks.Ramseis", "Drinks.Ramseis\Drinks.Ramseis.csproj", "{D22D0C1D-E22B-442C-8E9F-9810C4AF7C33}"
EndProject
Global
	GlobalSection(SolutionConfigurationPlatforms) = preSolution
		Debug|Any CPU = Debug|Any CPU
		Release|Any CPU = Release|Any CPU
	EndGlobalSection
	GlobalSection(ProjectConfigurationPlatforms) = postSolution
		{D22D0C1D-E22B-442C-8E9F-9810C4AF7C33}.Debug|Any CPU.ActiveCfg = Debug|Any CPU
		{D22D0C1D-E22B-442C-8E9F-9810C4AF7C33}.Debug|Any CPU.Build.0 = Debug|Any CPU
		{D22D0C1D-E22B-442C-8E9F-9810C4AF7C33}.Release|Any CPU.ActiveCfg = Release|Any CPU
		{D22D0C1D-E22B-442C-8E9F-9810C4AF7C33}.Release|Any CPU.Build.0 = Release|Any CPU
	EndGlobalSection
	GlobalSection(SolutionProperties) = preSolution
		HideSolutionNode = FALSE
	EndGlobalSection
	GlobalSection(ExtensibilityGlobals) = postSolution
		SolutionGuid = {D78C0012-9BE7-4BC1-AA10-D5B475CA6CAE}
	EndGlobalSection
EndGlobal
