
Microsoft Visual Studio Solution File, Format Version 12.00
# Visual Studio Version 17
VisualStudioVersion = 17.0.31903.59
MinimumVisualStudioVersion = 10.0.40219.1
Project("{FAE04EC0-301F-11D3-BF4B-00C04F79EFBC}") = "Kolejarz.Drinks.ConsoleRunner", "Kolejarz.Drinks.ConsoleRunner\Kolejarz.Drinks.ConsoleRunner.csproj", "{808FA087-806B-4CA5-B8AF-F5255E7B0F5E}"
EndProject
Global
	GlobalSection(SolutionConfigurationPlatforms) = preSolution
		Debug|Any CPU = Debug|Any CPU
		Release|Any CPU = Release|Any CPU
	EndGlobalSection
	GlobalSection(ProjectConfigurationPlatforms) = postSolution
		{808FA087-806B-4CA5-B8AF-F5255E7B0F5E}.Debug|Any CPU.ActiveCfg = Debug|Any CPU
		{808FA087-806B-4CA5-B8AF-F5255E7B0F5E}.Debug|Any CPU.Build.0 = Debug|Any CPU
		{808FA087-806B-4CA5-B8AF-F5255E7B0F5E}.Release|Any CPU.ActiveCfg = Release|Any CPU
		{808FA087-806B-4CA5-B8AF-F5255E7B0F5E}.Release|Any CPU.Build.0 = Release|Any CPU
	EndGlobalSection
	GlobalSection(SolutionProperties) = preSolution
		HideSolutionNode = FALSE
	EndGlobalSection
	GlobalSection(ExtensibilityGlobals) = postSolution
		SolutionGuid = {CA026FB8-0318-4C42-91D8-EF1A101E05BC}
	EndGlobalSection
EndGlobal
