
Microsoft Visual Studio Solution File, Format Version 12.00
# Visual Studio Version 17
VisualStudioVersion = 17.9.34622.214
MinimumVisualStudioVersion = 10.0.40219.1
Project("{9A19103F-16F7-4668-BE54-9A1E7A4F7556}") = "DrinksInfo", "DrinksInfo.csproj", "{7F023B5A-1A0E-4C64-A2E8-5C6146F7E247}"
EndProject
Global
	GlobalSection(SolutionConfigurationPlatforms) = preSolution
		Debug|Any CPU = Debug|Any CPU
		Release|Any CPU = Release|Any CPU
	EndGlobalSection
	GlobalSection(ProjectConfigurationPlatforms) = postSolution
		{7F023B5A-1A0E-4C64-A2E8-5C6146F7E247}.Debug|Any CPU.ActiveCfg = Debug|Any CPU
		{7F023B5A-1A0E-4C64-A2E8-5C6146F7E247}.Debug|Any CPU.Build.0 = Debug|Any CPU
		{7F023B5A-1A0E-4C64-A2E8-5C6146F7E247}.Release|Any CPU.ActiveCfg = Release|Any CPU
		{7F023B5A-1A0E-4C64-A2E8-5C6146F7E247}.Release|Any CPU.Build.0 = Release|Any CPU
	EndGlobalSection
	GlobalSection(SolutionProperties) = preSolution
		HideSolutionNode = FALSE
	EndGlobalSection
	GlobalSection(ExtensibilityGlobals) = postSolution
		SolutionGuid = {66DF4026-9F75-400F-8BF6-D1DA1255F077}
	EndGlobalSection
EndGlobal
