
Microsoft Visual Studio Solution File, Format Version 12.00
# Visual Studio Version 17
VisualStudioVersion = 17.10.34607.79
MinimumVisualStudioVersion = 10.0.40219.1
Project("{FAE04EC0-301F-11D3-BF4B-00C04F79EFBC}") = "Drinks_Info_Application", "Drinks_Info_Application.csproj", "{DA929CD2-13D0-4B3B-A580-5275590A5D2D}"
EndProject
Global
	GlobalSection(SolutionConfigurationPlatforms) = preSolution
		Debug|Any CPU = Debug|Any CPU
		Release|Any CPU = Release|Any CPU
	EndGlobalSection
	GlobalSection(ProjectConfigurationPlatforms) = postSolution
		{DA929CD2-13D0-4B3B-A580-5275590A5D2D}.Debug|Any CPU.ActiveCfg = Debug|Any CPU
		{DA929CD2-13D0-4B3B-A580-5275590A5D2D}.Debug|Any CPU.Build.0 = Debug|Any CPU
		{DA929CD2-13D0-4B3B-A580-5275590A5D2D}.Release|Any CPU.ActiveCfg = Release|Any CPU
		{DA929CD2-13D0-4B3B-A580-5275590A5D2D}.Release|Any CPU.Build.0 = Release|Any CPU
	EndGlobalSection
	GlobalSection(SolutionProperties) = preSolution
		HideSolutionNode = FALSE
	EndGlobalSection
	GlobalSection(ExtensibilityGlobals) = postSolution
		SolutionGuid = {640501B1-06AB-4500-AA9F-6F41B4CA97EE}
	EndGlobalSection
EndGlobal
