
Microsoft Visual Studio Solution File, Format Version 12.00
# Visual Studio Version 17
VisualStudioVersion = 17.0.31903.59
MinimumVisualStudioVersion = 10.0.40219.1
Project("{FAE04EC0-301F-11D3-BF4B-00C04F79EFBC}") = "Program", "Program\Program.csproj", "{C114C689-3DF5-4407-B8F8-65C8398E700E}"
EndProject
Project("{FAE04EC0-301F-11D3-BF4B-00C04F79EFBC}") = "DrinksApi", "DrinksApi\DrinksApi.csproj", "{32AB73FF-E51D-49E5-B4B5-2491877C30AA}"
EndProject
Global
	GlobalSection(SolutionConfigurationPlatforms) = preSolution
		Debug|Any CPU = Debug|Any CPU
		Release|Any CPU = Release|Any CPU
	EndGlobalSection
	GlobalSection(SolutionProperties) = preSolution
		HideSolutionNode = FALSE
	EndGlobalSection
	GlobalSection(ProjectConfigurationPlatforms) = postSolution
		{C114C689-3DF5-4407-B8F8-65C8398E700E}.Debug|Any CPU.ActiveCfg = Debug|Any CPU
		{C114C689-3DF5-4407-B8F8-65C8398E700E}.Debug|Any CPU.Build.0 = Debug|Any CPU
		{C114C689-3DF5-4407-B8F8-65C8398E700E}.Release|Any CPU.ActiveCfg = Release|Any CPU
		{C114C689-3DF5-4407-B8F8-65C8398E700E}.Release|Any CPU.Build.0 = Release|Any CPU
		{32AB73FF-E51D-49E5-B4B5-2491877C30AA}.Debug|Any CPU.ActiveCfg = Debug|Any CPU
		{32AB73FF-E51D-49E5-B4B5-2491877C30AA}.Debug|Any CPU.Build.0 = Debug|Any CPU
		{32AB73FF-E51D-49E5-B4B5-2491877C30AA}.Release|Any CPU.ActiveCfg = Release|Any CPU
		{32AB73FF-E51D-49E5-B4B5-2491877C30AA}.Release|Any CPU.Build.0 = Release|Any CPU
	EndGlobalSection
EndGlobal
