
Microsoft Visual Studio Solution File, Format Version 12.00
# Visual Studio Version 17
VisualStudioVersion = 17.9.34728.123
MinimumVisualStudioVersion = 10.0.40219.1
Project("{FAE04EC0-301F-11D3-BF4B-00C04F79EFBC}") = "ConsoleDrinks.AnaClos", "ConsoleDrinks.AnaClos\ConsoleDrinks.AnaClos.csproj", "{BB777319-6B6E-40A6-B359-59910510A126}"
EndProject
Global
	GlobalSection(SolutionConfigurationPlatforms) = preSolution
		Debug|Any CPU = Debug|Any CPU
		Release|Any CPU = Release|Any CPU
	EndGlobalSection
	GlobalSection(ProjectConfigurationPlatforms) = postSolution
		{BB777319-6B6E-40A6-B359-59910510A126}.Debug|Any CPU.ActiveCfg = Debug|Any CPU
		{BB777319-6B6E-40A6-B359-59910510A126}.Debug|Any CPU.Build.0 = Debug|Any CPU
		{BB777319-6B6E-40A6-B359-59910510A126}.Release|Any CPU.ActiveCfg = Release|Any CPU
		{BB777319-6B6E-40A6-B359-59910510A126}.Release|Any CPU.Build.0 = Release|Any CPU
	EndGlobalSection
	GlobalSection(SolutionProperties) = preSolution
		HideSolutionNode = FALSE
	EndGlobalSection
	GlobalSection(ExtensibilityGlobals) = postSolution
		SolutionGuid = {2363806E-EAEA-4338-9C34-E679497D6F2B}
	EndGlobalSection
EndGlobal
