
Microsoft Visual Studio Solution File, Format Version 12.00
# Visual Studio Version 17
VisualStudioVersion = 17.8.34330.188
MinimumVisualStudioVersion = 10.0.40219.1
Project("{FAE04EC0-301F-11D3-BF4B-00C04F79EFBC}") = "CodeReviews.Console.Drinks.Doc415", "CodeReviews.Console.Drinks.Doc415.csproj", "{32D67FED-5612-4936-BE2F-27C5B8133492}"
EndProject
Global
	GlobalSection(SolutionConfigurationPlatforms) = preSolution
		Debug|Any CPU = Debug|Any CPU
		Release|Any CPU = Release|Any CPU
	EndGlobalSection
	GlobalSection(ProjectConfigurationPlatforms) = postSolution
		{32D67FED-5612-4936-BE2F-27C5B8133492}.Debug|Any CPU.ActiveCfg = Debug|Any CPU
		{32D67FED-5612-4936-BE2F-27C5B8133492}.Debug|Any CPU.Build.0 = Debug|Any CPU
		{32D67FED-5612-4936-BE2F-27C5B8133492}.Release|Any CPU.ActiveCfg = Release|Any CPU
		{32D67FED-5612-4936-BE2F-27C5B8133492}.Release|Any CPU.Build.0 = Release|Any CPU
	EndGlobalSection
	GlobalSection(SolutionProperties) = preSolution
		HideSolutionNode = FALSE
	EndGlobalSection
	GlobalSection(ExtensibilityGlobals) = postSolution
		SolutionGuid = {4B80F527-118E-4267-A7AD-55D7CE51D73F}
	EndGlobalSection
EndGlobal
