
Microsoft Visual Studio Solution File, Format Version 12.00
# Visual Studio Version 17
VisualStudioVersion = 17.5.33627.172
MinimumVisualStudioVersion = 10.0.40219.1
Project("{FAE04EC0-301F-11D3-BF4B-00C04F79EFBC}") = "Drinks_List", "Drinks.Speedierone\Drinks_List.csproj", "{C9DE2AC9-F44E-46E3-A431-2307119C59B7}"
EndProject
Global
	GlobalSection(SolutionConfigurationPlatforms) = preSolution
		Debug|Any CPU = Debug|Any CPU
		Release|Any CPU = Release|Any CPU
	EndGlobalSection
	GlobalSection(ProjectConfigurationPlatforms) = postSolution
		{C9DE2AC9-F44E-46E3-A431-2307119C59B7}.Debug|Any CPU.ActiveCfg = Debug|Any CPU
		{C9DE2AC9-F44E-46E3-A431-2307119C59B7}.Debug|Any CPU.Build.0 = Debug|Any CPU
		{C9DE2AC9-F44E-46E3-A431-2307119C59B7}.Release|Any CPU.ActiveCfg = Release|Any CPU
		{C9DE2AC9-F44E-46E3-A431-2307119C59B7}.Release|Any CPU.Build.0 = Release|Any CPU
	EndGlobalSection
	GlobalSection(SolutionProperties) = preSolution
		HideSolutionNode = FALSE
	EndGlobalSection
	GlobalSection(ExtensibilityGlobals) = postSolution
		SolutionGuid = {BC3CD173-2378-412E-961C-18562B28D266}
	EndGlobalSection
EndGlobal
