
Microsoft Visual Studio Solution File, Format Version 12.00
# Visual Studio Version 17
VisualStudioVersion = 17.10.35027.167
MinimumVisualStudioVersion = 10.0.40219.1
Project("{FAE04EC0-301F-11D3-BF4B-00C04F79EFBC}") = "Poetry", "Poetry\Poetry.csproj", "{D9E52F78-90BC-4668-A5C2-9C92C508BF1B}"
EndProject
Global
	GlobalSection(SolutionConfigurationPlatforms) = preSolution
		Debug|Any CPU = Debug|Any CPU
		Release|Any CPU = Release|Any CPU
	EndGlobalSection
	GlobalSection(ProjectConfigurationPlatforms) = postSolution
		{D9E52F78-90BC-4668-A5C2-9C92C508BF1B}.Debug|Any CPU.ActiveCfg = Debug|Any CPU
		{D9E52F78-90BC-4668-A5C2-9C92C508BF1B}.Debug|Any CPU.Build.0 = Debug|Any CPU
		{D9E52F78-90BC-4668-A5C2-9C92C508BF1B}.Release|Any CPU.ActiveCfg = Release|Any CPU
		{D9E52F78-90BC-4668-A5C2-9C92C508BF1B}.Release|Any CPU.Build.0 = Release|Any CPU
	EndGlobalSection
	GlobalSection(SolutionProperties) = preSolution
		HideSolutionNode = FALSE
	EndGlobalSection
	GlobalSection(ExtensibilityGlobals) = postSolution
		SolutionGuid = {D32560E1-7FF4-4014-A1F2-B38F34B064FF}
	EndGlobalSection
EndGlobal
