
Microsoft Visual Studio Solution File, Format Version 12.00
# Visual Studio Version 17
VisualStudioVersion = 17.11.35327.3
MinimumVisualStudioVersion = 10.0.40219.1
Project("{FAE04EC0-301F-11D3-BF4B-00C04F79EFBC}") = "hasona23.Drinks", "hasona23.Drinks\hasona23.Drinks.csproj", "{53E288C3-02CD-4173-B6A7-BABF35735986}"
EndProject
Global
	GlobalSection(SolutionConfigurationPlatforms) = preSolution
		Debug|Any CPU = Debug|Any CPU
		Release|Any CPU = Release|Any CPU
	EndGlobalSection
	GlobalSection(ProjectConfigurationPlatforms) = postSolution
		{53E288C3-02CD-4173-B6A7-BABF35735986}.Debug|Any CPU.ActiveCfg = Debug|Any CPU
		{53E288C3-02CD-4173-B6A7-BABF35735986}.Debug|Any CPU.Build.0 = Debug|Any CPU
		{53E288C3-02CD-4173-B6A7-BABF35735986}.Release|Any CPU.ActiveCfg = Release|Any CPU
		{53E288C3-02CD-4173-B6A7-BABF35735986}.Release|Any CPU.Build.0 = Release|Any CPU
	EndGlobalSection
	GlobalSection(SolutionProperties) = preSolution
		HideSolutionNode = FALSE
	EndGlobalSection
	GlobalSection(ExtensibilityGlobals) = postSolution
		SolutionGuid = {3B9E0693-3186-4FA0-AA4B-9D1B90697F29}
	EndGlobalSection
EndGlobal
