
Microsoft Visual Studio Solution File, Format Version 12.00
Project("{FAE04EC0-301F-11D3-BF4B-00C04F79EFBC}") = "Drinks.Eddyfadeev", "Drinks.Eddyfadeev\Drinks.Eddyfadeev.csproj", "{36C979EB-D959-4853-A071-E640A47AE2FD}"
EndProject
Global
	GlobalSection(SolutionConfigurationPlatforms) = preSolution
		Debug|Any CPU = Debug|Any CPU
		Release|Any CPU = Release|Any CPU
	EndGlobalSection
	GlobalSection(ProjectConfigurationPlatforms) = postSolution
		{36C979EB-D959-4853-A071-E640A47AE2FD}.Debug|Any CPU.ActiveCfg = Debug|Any CPU
		{36C979EB-D959-4853-A071-E640A47AE2FD}.Debug|Any CPU.Build.0 = Debug|Any CPU
		{36C979EB-D959-4853-A071-E640A47AE2FD}.Release|Any CPU.ActiveCfg = Release|Any CPU
		{36C979EB-D959-4853-A071-E640A47AE2FD}.Release|Any CPU.Build.0 = Release|Any CPU
	EndGlobalSection
EndGlobal
