
Microsoft Visual Studio Solution File, Format Version 12.00
# Visual Studio Version 17
VisualStudioVersion = 17.5.33414.496
MinimumVisualStudioVersion = 10.0.40219.1
Project("{FAE04EC0-301F-11D3-BF4B-00C04F79EFBC}") = "Drinks.JsPeanut", "Drinks.JsPeanut\Drinks.JsPeanut.csproj", "{4EA8282C-7C6F-4760-AF2C-D38A4993EA3B}"
EndProject
Global
	GlobalSection(SolutionConfigurationPlatforms) = preSolution
		Debug|Any CPU = Debug|Any CPU
		Release|Any CPU = Release|Any CPU
	EndGlobalSection
	GlobalSection(ProjectConfigurationPlatforms) = postSolution
		{4EA8282C-7C6F-4760-AF2C-D38A4993EA3B}.Debug|Any CPU.ActiveCfg = Debug|Any CPU
		{4EA8282C-7C6F-4760-AF2C-D38A4993EA3B}.Debug|Any CPU.Build.0 = Debug|Any CPU
		{4EA8282C-7C6F-4760-AF2C-D38A4993EA3B}.Release|Any CPU.ActiveCfg = Release|Any CPU
		{4EA8282C-7C6F-4760-AF2C-D38A4993EA3B}.Release|Any CPU.Build.0 = Release|Any CPU
	EndGlobalSection
	GlobalSection(SolutionProperties) = preSolution
		HideSolutionNode = FALSE
	EndGlobalSection
	GlobalSection(ExtensibilityGlobals) = postSolution
		SolutionGuid = {90B8ECF0-6D7F-4A42-8733-5EA96E50A7A2}
	EndGlobalSection
EndGlobal
