
Microsoft Visual Studio Solution File, Format Version 12.00
# Visual Studio Version 17
VisualStudioVersion = 17.6.33712.159
MinimumVisualStudioVersion = 10.0.40219.1
Project("{FAE04EC0-301F-11D3-BF4B-00C04F79EFBC}") = "Drinks", "Drinks\Drinks.csproj", "{90195852-6712-4DB3-9A6C-9FA0BEBB2277}"
EndProject
Global
	GlobalSection(SolutionConfigurationPlatforms) = preSolution
		Debug|Any CPU = Debug|Any CPU
		Release|Any CPU = Release|Any CPU
	EndGlobalSection
	GlobalSection(ProjectConfigurationPlatforms) = postSolution
		{90195852-6712-4DB3-9A6C-9FA0BEBB2277}.Debug|Any CPU.ActiveCfg = Debug|Any CPU
		{90195852-6712-4DB3-9A6C-9FA0BEBB2277}.Debug|Any CPU.Build.0 = Debug|Any CPU
		{90195852-6712-4DB3-9A6C-9FA0BEBB2277}.Release|Any CPU.ActiveCfg = Release|Any CPU
		{90195852-6712-4DB3-9A6C-9FA0BEBB2277}.Release|Any CPU.Build.0 = Release|Any CPU
	EndGlobalSection
	GlobalSection(SolutionProperties) = preSolution
		HideSolutionNode = FALSE
	EndGlobalSection
	GlobalSection(ExtensibilityGlobals) = postSolution
		SolutionGuid = {6E68649C-C03B-4716-ACDD-F2F378755DD5}
	EndGlobalSection
EndGlobal
