
Microsoft Visual Studio Solution File, Format Version 12.00
# Visual Studio Version 17
VisualStudioVersion = 17.5.002.0
MinimumVisualStudioVersion = 10.0.40219.1
Project("{9A19103F-16F7-4668-BE54-9A1E7A4F7556}") = "Drinks-Info.Lawang", "Drinks-Info.Lawang.csproj", "{21059A94-E70F-470D-9CB7-6286AA328270}"
EndProject
Global
	GlobalSection(SolutionConfigurationPlatforms) = preSolution
		Debug|Any CPU = Debug|Any CPU
		Release|Any CPU = Release|Any CPU
	EndGlobalSection
	GlobalSection(ProjectConfigurationPlatforms) = postSolution
		{21059A94-E70F-470D-9CB7-6286AA328270}.Debug|Any CPU.ActiveCfg = Debug|Any CPU
		{21059A94-E70F-470D-9CB7-6286AA328270}.Debug|Any CPU.Build.0 = Debug|Any CPU
		{21059A94-E70F-470D-9CB7-6286AA328270}.Release|Any CPU.ActiveCfg = Release|Any CPU
		{21059A94-E70F-470D-9CB7-6286AA328270}.Release|Any CPU.Build.0 = Release|Any CPU
	EndGlobalSection
	GlobalSection(SolutionProperties) = preSolution
		HideSolutionNode = FALSE
	EndGlobalSection
	GlobalSection(ExtensibilityGlobals) = postSolution
		SolutionGuid = {5B1B495E-E33A-4C41-9778-C79743FC83A3}
	EndGlobalSection
EndGlobal
