
Microsoft Visual Studio Solution File, Format Version 12.00
# Visual Studio Version 17
VisualStudioVersion = 17.7.34221.43
MinimumVisualStudioVersion = 10.0.40219.1
Project("{FAE04EC0-301F-11D3-BF4B-00C04F79EFBC}") = "Kakurokan.DrinksInfo", "Kakurokan.DrinksInfo.csproj", "{99614028-C2F8-43AA-AC50-F947D23A75BB}"
EndProject
Global
	GlobalSection(SolutionConfigurationPlatforms) = preSolution
		Debug|Any CPU = Debug|Any CPU
		Release|Any CPU = Release|Any CPU
	EndGlobalSection
	GlobalSection(ProjectConfigurationPlatforms) = postSolution
		{99614028-C2F8-43AA-AC50-F947D23A75BB}.Debug|Any CPU.ActiveCfg = Debug|Any CPU
		{99614028-C2F8-43AA-AC50-F947D23A75BB}.Debug|Any CPU.Build.0 = Debug|Any CPU
		{99614028-C2F8-43AA-AC50-F947D23A75BB}.Release|Any CPU.ActiveCfg = Release|Any CPU
		{99614028-C2F8-43AA-AC50-F947D23A75BB}.Release|Any CPU.Build.0 = Release|Any CPU
	EndGlobalSection
	GlobalSection(SolutionProperties) = preSolution
		HideSolutionNode = FALSE
	EndGlobalSection
	GlobalSection(ExtensibilityGlobals) = postSolution
		SolutionGuid = {BC08B3BF-4CF6-4D80-811F-C170ADCE5581}
	EndGlobalSection
EndGlobal
