
Microsoft Visual Studio Solution File, Format Version 12.00
# Visual Studio Version 17
VisualStudioVersion = 17.1.32421.90
MinimumVisualStudioVersion = 10.0.40219.1
Project("{FAE04EC0-301F-11D3-BF4B-00C04F79EFBC}") = "Drinks", "Drinks\Drinks.csproj", "{0DB5D80C-6CB2-4C2F-99AC-2B3A77D6F0E3}"
EndProject
Global
	GlobalSection(SolutionConfigurationPlatforms) = preSolution
		Debug|Any CPU = Debug|Any CPU
		Release|Any CPU = Release|Any CPU
	EndGlobalSection
	GlobalSection(ProjectConfigurationPlatforms) = postSolution
		{0DB5D80C-6CB2-4C2F-99AC-2B3A77D6F0E3}.Debug|Any CPU.ActiveCfg = Debug|Any CPU
		{0DB5D80C-6CB2-4C2F-99AC-2B3A77D6F0E3}.Debug|Any CPU.Build.0 = Debug|Any CPU
		{0DB5D80C-6CB2-4C2F-99AC-2B3A77D6F0E3}.Release|Any CPU.ActiveCfg = Release|Any CPU
		{0DB5D80C-6CB2-4C2F-99AC-2B3A77D6F0E3}.Release|Any CPU.Build.0 = Release|Any CPU
	EndGlobalSection
	GlobalSection(SolutionProperties) = preSolution
		HideSolutionNode = FALSE
	EndGlobalSection
	GlobalSection(ExtensibilityGlobals) = postSolution
		SolutionGuid = {6A76BDB1-88D4-4E5C-B5AF-6FFEC28975C6}
	EndGlobalSection
EndGlobal
