
Microsoft Visual Studio Solution File, Format Version 12.00
# Visual Studio Version 17
VisualStudioVersion = 17.5.002.0
MinimumVisualStudioVersion = 10.0.40219.1
Project("{9A19103F-16F7-4668-BE54-9A1E7A4F7556}") = "Drinks.kwm0304", "Drinks.kwm0304.csproj", "{3DB57981-FC0C-4A3C-93F6-C6E5CB25104D}"
EndProject
Global
	GlobalSection(SolutionConfigurationPlatforms) = preSolution
		Debug|Any CPU = Debug|Any CPU
		Release|Any CPU = Release|Any CPU
	EndGlobalSection
	GlobalSection(ProjectConfigurationPlatforms) = postSolution
		{3DB57981-FC0C-4A3C-93F6-C6E5CB25104D}.Debug|Any CPU.ActiveCfg = Debug|Any CPU
		{3DB57981-FC0C-4A3C-93F6-C6E5CB25104D}.Debug|Any CPU.Build.0 = Debug|Any CPU
		{3DB57981-FC0C-4A3C-93F6-C6E5CB25104D}.Release|Any CPU.ActiveCfg = Release|Any CPU
		{3DB57981-FC0C-4A3C-93F6-C6E5CB25104D}.Release|Any CPU.Build.0 = Release|Any CPU
	EndGlobalSection
	GlobalSection(SolutionProperties) = preSolution
		HideSolutionNode = FALSE
	EndGlobalSection
	GlobalSection(ExtensibilityGlobals) = postSolution
		SolutionGuid = {8FB7252A-3603-4A87-8F8F-2D43B76CA218}
	EndGlobalSection
EndGlobal
