
Microsoft Visual Studio Solution File, Format Version 12.00
Project("{FAE04EC0-301F-11D3-BF4B-00C04F79EFBC}") = "DrinksInfo.kalsson", "DrinksInfo.kalsson\DrinksInfo.kalsson.csproj", "{EEA8EBC5-E5E0-4D7F-BB1F-A4B855DCBAF1}"
EndProject
Global
	GlobalSection(SolutionConfigurationPlatforms) = preSolution
		Debug|Any CPU = Debug|Any CPU
		Release|Any CPU = Release|Any CPU
	EndGlobalSection
	GlobalSection(ProjectConfigurationPlatforms) = postSolution
		{EEA8EBC5-E5E0-4D7F-BB1F-A4B855DCBAF1}.Debug|Any CPU.ActiveCfg = Debug|Any CPU
		{EEA8EBC5-E5E0-4D7F-BB1F-A4B855DCBAF1}.Debug|Any CPU.Build.0 = Debug|Any CPU
		{EEA8EBC5-E5E0-4D7F-BB1F-A4B855DCBAF1}.Release|Any CPU.ActiveCfg = Release|Any CPU
		{EEA8EBC5-E5E0-4D7F-BB1F-A4B855DCBAF1}.Release|Any CPU.Build.0 = Release|Any CPU
	EndGlobalSection
EndGlobal
