
Microsoft Visual Studio Solution File, Format Version 12.00
# Visual Studio Version 17
VisualStudioVersion = 17.9.34701.34
MinimumVisualStudioVersion = 10.0.40219.1
Project("{FAE04EC0-301F-11D3-BF4B-00C04F79EFBC}") = "drinksInfo.Fennikko", "drinksInfo.Fennikko\drinksInfo.Fennikko.csproj", "{B60A5111-6FF7-46D2-9A1F-CC1C66326FFD}"
EndProject
Global
	GlobalSection(SolutionConfigurationPlatforms) = preSolution
		Debug|Any CPU = Debug|Any CPU
		Release|Any CPU = Release|Any CPU
	EndGlobalSection
	GlobalSection(ProjectConfigurationPlatforms) = postSolution
		{B60A5111-6FF7-46D2-9A1F-CC1C66326FFD}.Debug|Any CPU.ActiveCfg = Debug|Any CPU
		{B60A5111-6FF7-46D2-9A1F-CC1C66326FFD}.Debug|Any CPU.Build.0 = Debug|Any CPU
		{B60A5111-6FF7-46D2-9A1F-CC1C66326FFD}.Release|Any CPU.ActiveCfg = Release|Any CPU
		{B60A5111-6FF7-46D2-9A1F-CC1C66326FFD}.Release|Any CPU.Build.0 = Release|Any CPU
	EndGlobalSection
	GlobalSection(SolutionProperties) = preSolution
		HideSolutionNode = FALSE
	EndGlobalSection
	GlobalSection(ExtensibilityGlobals) = postSolution
		SolutionGuid = {9BF8058A-7FEE-4707-BBF6-805C54D7D316}
	EndGlobalSection
EndGlobal
