
Microsoft Visual Studio Solution File, Format Version 12.00
# Visual Studio Version 17
VisualStudioVersion = 17.4.33205.214
MinimumVisualStudioVersion = 10.0.40219.1
Project("{FAE04EC0-301F-11D3-BF4B-00C04F79EFBC}") = "Console.Drinks.edvaudin", "Console.Drinks.edvaudin.csproj", "{EE00817B-2AA5-4CF7-B372-F6AED1A42449}"
EndProject
Global
	GlobalSection(SolutionConfigurationPlatforms) = preSolution
		Debug|Any CPU = Debug|Any CPU
		Release|Any CPU = Release|Any CPU
	EndGlobalSection
	GlobalSection(ProjectConfigurationPlatforms) = postSolution
		{EE00817B-2AA5-4CF7-B372-F6AED1A42449}.Debug|Any CPU.ActiveCfg = Debug|Any CPU
		{EE00817B-2AA5-4CF7-B372-F6AED1A42449}.Debug|Any CPU.Build.0 = Debug|Any CPU
		{EE00817B-2AA5-4CF7-B372-F6AED1A42449}.Release|Any CPU.ActiveCfg = Release|Any CPU
		{EE00817B-2AA5-4CF7-B372-F6AED1A42449}.Release|Any CPU.Build.0 = Release|Any CPU
	EndGlobalSection
	GlobalSection(SolutionProperties) = preSolution
		HideSolutionNode = FALSE
	EndGlobalSection
	GlobalSection(ExtensibilityGlobals) = postSolution
		SolutionGuid = {DD7331D4-70CA-45EF-93D5-6CE6A7E46558}
	EndGlobalSection
EndGlobal
