
Microsoft Visual Studio Solution File, Format Version 12.00
# Visual Studio Version 17
VisualStudioVersion = 17.8.34330.188
MinimumVisualStudioVersion = 10.0.40219.1
Project("{FAE04EC0-301F-11D3-BF4B-00C04F79EFBC}") = "ConsoleDrinks.Doc415", "ConsoleDrinks.Doc415.csproj", "{A5017F7E-CD44-44F8-AE1E-DC3338BD00AB}"
EndProject
Global
	GlobalSection(SolutionConfigurationPlatforms) = preSolution
		Debug|Any CPU = Debug|Any CPU
		Release|Any CPU = Release|Any CPU
	EndGlobalSection
	GlobalSection(ProjectConfigurationPlatforms) = postSolution
		{A5017F7E-CD44-44F8-AE1E-DC3338BD00AB}.Debug|Any CPU.ActiveCfg = Debug|Any CPU
		{A5017F7E-CD44-44F8-AE1E-DC3338BD00AB}.Debug|Any CPU.Build.0 = Debug|Any CPU
		{A5017F7E-CD44-44F8-AE1E-DC3338BD00AB}.Release|Any CPU.ActiveCfg = Release|Any CPU
		{A5017F7E-CD44-44F8-AE1E-DC3338BD00AB}.Release|Any CPU.Build.0 = Release|Any CPU
	EndGlobalSection
	GlobalSection(SolutionProperties) = preSolution
		HideSolutionNode = FALSE
	EndGlobalSection
	GlobalSection(ExtensibilityGlobals) = postSolution
		SolutionGuid = {51CA79D1-B178-43A7-960A-2ED93B44108B}
	EndGlobalSection
EndGlobal
