
Microsoft Visual Studio Solution File, Format Version 12.00
# Visual Studio Version 17
VisualStudioVersion = 17.12.35527.113
MinimumVisualStudioVersion = 10.0.40219.1
Project("{FAE04EC0-301F-11D3-BF4B-00C04F79EFBC}") = "DrinksInfo.DreamFXX", "DrinksInfoAPI.DreamFXX\DrinksInfo.DreamFXX.csproj", "{952BDC4B-8362-4A23-BE63-A8D295A64AE4}"
EndProject
Global
	GlobalSection(SolutionConfigurationPlatforms) = preSolution
		Debug|Any CPU = Debug|Any CPU
		Release|Any CPU = Release|Any CPU
	EndGlobalSection
	GlobalSection(ProjectConfigurationPlatforms) = postSolution
		{952BDC4B-8362-4A23-BE63-A8D295A64AE4}.Debug|Any CPU.ActiveCfg = Debug|Any CPU
		{952BDC4B-8362-4A23-BE63-A8D295A64AE4}.Debug|Any CPU.Build.0 = Debug|Any CPU
		{952BDC4B-8362-4A23-BE63-A8D295A64AE4}.Release|Any CPU.ActiveCfg = Release|Any CPU
		{952BDC4B-8362-4A23-BE63-A8D295A64AE4}.Release|Any CPU.Build.0 = Release|Any CPU
	EndGlobalSection
	GlobalSection(SolutionProperties) = preSolution
		HideSolutionNode = FALSE
	EndGlobalSection
EndGlobal
